
Microsoft Visual Studio Solution File, Format Version 12.00
# Visual Studio 15
VisualStudioVersion = 15.0.28307.1145
MinimumVisualStudioVersion = 10.0.40219.1
Project("{8BC9CEB8-8B4A-11D0-8D11-00A0C91BC942}") = "05151", "05151\05151.vcxproj", "{DEC3BCEA-8DC3-4F5B-8604-BF4B183FB099}"
EndProject
Global
	GlobalSection(SolutionConfigurationPlatforms) = preSolution
		Debug|x64 = Debug|x64
		Debug|x86 = Debug|x86
		Release|x64 = Release|x64
		Release|x86 = Release|x86
	EndGlobalSection
	GlobalSection(ProjectConfigurationPlatforms) = postSolution
		{DEC3BCEA-8DC3-4F5B-8604-BF4B183FB099}.Debug|x64.ActiveCfg = Debug|x64
		{DEC3BCEA-8DC3-4F5B-8604-BF4B183FB099}.Debug|x64.Build.0 = Debug|x64
		{DEC3BCEA-8DC3-4F5B-8604-BF4B183FB099}.Debug|x86.ActiveCfg = Debug|Win32
		{DEC3BCEA-8DC3-4F5B-8604-BF4B183FB099}.Debug|x86.Build.0 = Debug|Win32
		{DEC3BCEA-8DC3-4F5B-8604-BF4B183FB099}.Release|x64.ActiveCfg = Release|x64
		{DEC3BCEA-8DC3-4F5B-8604-BF4B183FB099}.Release|x64.Build.0 = Release|x64
		{DEC3BCEA-8DC3-4F5B-8604-BF4B183FB099}.Release|x86.ActiveCfg = Release|Win32
		{DEC3BCEA-8DC3-4F5B-8604-BF4B183FB099}.Release|x86.Build.0 = Release|Win32
	EndGlobalSection
	GlobalSection(SolutionProperties) = preSolution
		HideSolutionNode = FALSE
	EndGlobalSection
	GlobalSection(ExtensibilityGlobals) = postSolution
		SolutionGuid = {0BBF059C-0227-4CB7-9C81-D9DC9567A7FD}
	EndGlobalSection
EndGlobal
